
Microsoft Visual Studio Solution File, Format Version 12.00
# Visual Studio 2012
Project("{2150E333-8FDC-42A3-9474-1A3956D46DE8}") = "Acceso a Datos", "Acceso a Datos", "{68480EF0-E28B-48F2-B183-2527A70F4A3C}"
EndProject
Project("{2150E333-8FDC-42A3-9474-1A3956D46DE8}") = "Logica de  Negocio", "Logica de  Negocio", "{B2EB2CA2-7810-46A7-B308-F421BA4E8858}"
EndProject
Project("{2150E333-8FDC-42A3-9474-1A3956D46DE8}") = "Web", "Web", "{285C67F9-6EFB-471D-BD74-091248912736}"
EndProject
Project("{FAE04EC0-301F-11D3-BF4B-00C04F79EFBC}") = "MedilaSystemRepository", "DBMedilaRepository\MedilaSystemRepository.csproj", "{1BBBB6D8-E3AA-4596-82DB-25E4D512C90B}"
EndProject
Project("{FAE04EC0-301F-11D3-BF4B-00C04F79EFBC}") = "MedilaSystemService", "MedilaSystemService\MedilaSystemService.csproj", "{070CE913-7096-4223-A1D6-D199C633EABB}"
EndProject
Project("{FAE04EC0-301F-11D3-BF4B-00C04F79EFBC}") = "MedilaSystemEntities", "MedilaSystemEntities\MedilaSystemEntities.csproj", "{ADEC681D-1D80-4145-8E35-38066E349660}"
EndProject
Project("{FAE04EC0-301F-11D3-BF4B-00C04F79EFBC}") = "MedilaSystemWeb", "MedilaSystemWeb\MedilaSystemWeb.csproj", "{D9B46D37-4D2A-450E-9E57-BF85DA38C85B}"
EndProject
Global
	GlobalSection(SolutionConfigurationPlatforms) = preSolution
		Debug|Any CPU = Debug|Any CPU
		Release|Any CPU = Release|Any CPU
	EndGlobalSection
	GlobalSection(ProjectConfigurationPlatforms) = postSolution
		{1BBBB6D8-E3AA-4596-82DB-25E4D512C90B}.Debug|Any CPU.ActiveCfg = Debug|Any CPU
		{1BBBB6D8-E3AA-4596-82DB-25E4D512C90B}.Debug|Any CPU.Build.0 = Debug|Any CPU
		{1BBBB6D8-E3AA-4596-82DB-25E4D512C90B}.Release|Any CPU.ActiveCfg = Release|Any CPU
		{1BBBB6D8-E3AA-4596-82DB-25E4D512C90B}.Release|Any CPU.Build.0 = Release|Any CPU
		{070CE913-7096-4223-A1D6-D199C633EABB}.Debug|Any CPU.ActiveCfg = Debug|Any CPU
		{070CE913-7096-4223-A1D6-D199C633EABB}.Debug|Any CPU.Build.0 = Debug|Any CPU
		{070CE913-7096-4223-A1D6-D199C633EABB}.Release|Any CPU.ActiveCfg = Release|Any CPU
		{070CE913-7096-4223-A1D6-D199C633EABB}.Release|Any CPU.Build.0 = Release|Any CPU
		{ADEC681D-1D80-4145-8E35-38066E349660}.Debug|Any CPU.ActiveCfg = Debug|Any CPU
		{ADEC681D-1D80-4145-8E35-38066E349660}.Debug|Any CPU.Build.0 = Debug|Any CPU
		{ADEC681D-1D80-4145-8E35-38066E349660}.Release|Any CPU.ActiveCfg = Release|Any CPU
		{ADEC681D-1D80-4145-8E35-38066E349660}.Release|Any CPU.Build.0 = Release|Any CPU
		{D9B46D37-4D2A-450E-9E57-BF85DA38C85B}.Debug|Any CPU.ActiveCfg = Debug|Any CPU
		{D9B46D37-4D2A-450E-9E57-BF85DA38C85B}.Debug|Any CPU.Build.0 = Debug|Any CPU
		{D9B46D37-4D2A-450E-9E57-BF85DA38C85B}.Release|Any CPU.ActiveCfg = Release|Any CPU
		{D9B46D37-4D2A-450E-9E57-BF85DA38C85B}.Release|Any CPU.Build.0 = Release|Any CPU
	EndGlobalSection
	GlobalSection(SolutionProperties) = preSolution
		HideSolutionNode = FALSE
	EndGlobalSection
	GlobalSection(NestedProjects) = preSolution
		{1BBBB6D8-E3AA-4596-82DB-25E4D512C90B} = {68480EF0-E28B-48F2-B183-2527A70F4A3C}
		{070CE913-7096-4223-A1D6-D199C633EABB} = {B2EB2CA2-7810-46A7-B308-F421BA4E8858}
		{ADEC681D-1D80-4145-8E35-38066E349660} = {B2EB2CA2-7810-46A7-B308-F421BA4E8858}
		{D9B46D37-4D2A-450E-9E57-BF85DA38C85B} = {285C67F9-6EFB-471D-BD74-091248912736}
	EndGlobalSection
EndGlobal
